
Microsoft Visual Studio Solution File, Format Version 12.00
# Visual Studio Version 17
VisualStudioVersion = 17.5.002.0
MinimumVisualStudioVersion = 10.0.40219.1
Project("{9A19103F-16F7-4668-BE54-9A1E7A4F7556}") = "ContosoUniversity", "ContosoUniversity\ContosoUniversity.csproj", "{10DBA99C-BE92-460F-9543-64CB49EA2A80}"
EndProject
Global
	GlobalSection(SolutionConfigurationPlatforms) = preSolution
		Debug|Any CPU = Debug|Any CPU
		Release|Any CPU = Release|Any CPU
	EndGlobalSection
	GlobalSection(ProjectConfigurationPlatforms) = postSolution
		{10DBA99C-BE92-460F-9543-64CB49EA2A80}.Debug|Any CPU.ActiveCfg = Debug|Any CPU
		{10DBA99C-BE92-460F-9543-64CB49EA2A80}.Debug|Any CPU.Build.0 = Debug|Any CPU
		{10DBA99C-BE92-460F-9543-64CB49EA2A80}.Release|Any CPU.ActiveCfg = Release|Any CPU
		{10DBA99C-BE92-460F-9543-64CB49EA2A80}.Release|Any CPU.Build.0 = Release|Any CPU
	EndGlobalSection
	GlobalSection(SolutionProperties) = preSolution
		HideSolutionNode = FALSE
	EndGlobalSection
	GlobalSection(ExtensibilityGlobals) = postSolution
		SolutionGuid = {9121B2DB-A46E-4323-A686-4CD5FCB3AF11}
	EndGlobalSection
EndGlobal
